
Microsoft Visual Studio Solution File, Format Version 12.00
# Visual Studio Version 17
VisualStudioVersion = 17.4.33122.133
MinimumVisualStudioVersion = 10.0.40219.1
Project("{FAE04EC0-301F-11D3-BF4B-00C04F79EFBC}") = "BzrIIStest.Server", "BzrIIStest\Server\BzrIIStest.Server.csproj", "{903C0F16-5400-42B4-A47D-EC035EA33E01}"
EndProject
Project("{FAE04EC0-301F-11D3-BF4B-00C04F79EFBC}") = "BzrIIStest.Client", "BzrIIStest\Client\BzrIIStest.Client.csproj", "{4CF662ED-1EAB-4751-9BF5-577B36FC2CB0}"
EndProject
Project("{FAE04EC0-301F-11D3-BF4B-00C04F79EFBC}") = "BzrIIStest.Shared", "BzrIIStest\Shared\BzrIIStest.Shared.csproj", "{783275FA-DB5C-4272-A27E-6A0B63B0C042}"
EndProject
Global
	GlobalSection(SolutionConfigurationPlatforms) = preSolution
		Debug|Any CPU = Debug|Any CPU
		Release|Any CPU = Release|Any CPU
	EndGlobalSection
	GlobalSection(ProjectConfigurationPlatforms) = postSolution
		{903C0F16-5400-42B4-A47D-EC035EA33E01}.Debug|Any CPU.ActiveCfg = Debug|Any CPU
		{903C0F16-5400-42B4-A47D-EC035EA33E01}.Debug|Any CPU.Build.0 = Debug|Any CPU
		{903C0F16-5400-42B4-A47D-EC035EA33E01}.Release|Any CPU.ActiveCfg = Release|Any CPU
		{903C0F16-5400-42B4-A47D-EC035EA33E01}.Release|Any CPU.Build.0 = Release|Any CPU
		{4CF662ED-1EAB-4751-9BF5-577B36FC2CB0}.Debug|Any CPU.ActiveCfg = Debug|Any CPU
		{4CF662ED-1EAB-4751-9BF5-577B36FC2CB0}.Debug|Any CPU.Build.0 = Debug|Any CPU
		{4CF662ED-1EAB-4751-9BF5-577B36FC2CB0}.Release|Any CPU.ActiveCfg = Release|Any CPU
		{4CF662ED-1EAB-4751-9BF5-577B36FC2CB0}.Release|Any CPU.Build.0 = Release|Any CPU
		{783275FA-DB5C-4272-A27E-6A0B63B0C042}.Debug|Any CPU.ActiveCfg = Debug|Any CPU
		{783275FA-DB5C-4272-A27E-6A0B63B0C042}.Debug|Any CPU.Build.0 = Debug|Any CPU
		{783275FA-DB5C-4272-A27E-6A0B63B0C042}.Release|Any CPU.ActiveCfg = Release|Any CPU
		{783275FA-DB5C-4272-A27E-6A0B63B0C042}.Release|Any CPU.Build.0 = Release|Any CPU
	EndGlobalSection
	GlobalSection(SolutionProperties) = preSolution
		HideSolutionNode = FALSE
	EndGlobalSection
	GlobalSection(ExtensibilityGlobals) = postSolution
		SolutionGuid = {76C6B079-5EC5-4007-B3D4-36BFD0ED1B59}
	EndGlobalSection
EndGlobal
